{
    "_meta": {
        "hash": {
            "sha256": "88aa9d2ae47962d7dee2d8b5aca89a851558885e96dbe9f04515a48c4a4f7baf"
        },
        "pipfile-spec": 6,
        "requires": {
            "python_version": "3.6"
        },
        "sources": [
            {
                "name": "pypi",
                "url": "https://mirrors.aliyun.com/pypi/simple/",
                "verify_ssl": true
            }
        ]
    },
    "default": {
        "certifi": {
            "hashes": [
                "sha256:1f422849db327d534e3d0c5f02a263458c3955ec0aae4ff09b95f195c59f4edd",
                "sha256:f05def092c44fbf25834a51509ef6e631dc19765ab8a57b4e7ab85531f0a9cf4"
            ],
            "version": "==2020.11.8"
        },
        "chardet": {
            "hashes": [
                "sha256:84ab92ed1c4d4f16916e05906b6b75a6c0fb5db821cc65e70cbd64a3e2a5eaae",
                "sha256:fc323ffcaeaed0e0a02bf4d117757b98aed530d9ed4531e3e15460124c106691"
            ],
            "version": "==3.0.4"
        },
        "decorator": {
            "hashes": [
                "sha256:41fa54c2a0cc4ba648be4fd43cff00aedf5b9465c9bf18d64325bc225f08f760",
                "sha256:e3a62f0520172440ca0dcc823749319382e377f37f140a0b99ef45fecb84bfe7"
            ],
            "version": "==4.4.2"
        },
        "graphviz": {
            "hashes": [
                "sha256:2b85f105024e229ec330fe5067abbe9aa0d7708921a585ecc2bf56000bf5e027",
                "sha256:403b55553b235875fa521023a06d9c29b46f3a956f960d4e0a5b956bca9eb9ce"
            ],
            "version": "==0.15"
        },
        "idna": {
            "hashes": [
                "sha256:2c6a5de3089009e3da7c5dde64a141dbc8551d5b7f6cf4ed7c2568d0cc520a8f",
                "sha256:8c7309c718f94b3a625cb648ace320157ad16ff131ae0af362c9f21b80ef6ec4"
            ],
            "version": "==2.6"
        },
        "jieba": {
            "hashes": [
                "sha256:055ca12f62674fafed09427f176506079bc135638a14e23e25be909131928db2"
            ],
            "index": "pypi",
            "version": "==0.42.1"
        },
        "kafka-python": {
            "hashes": [
                "sha256:513431184ecd08e706ca53421ff23e269fc052374084b45b49640419564dd704",
                "sha256:e59ad42dec8c7d54e3fbba0c1f8b54c44d92a3392d88242962d0c29803f2f6f8"
            ],
            "index": "pypi",
            "version": "==2.0.1"
        },
        "numpy": {
            "hashes": [
                "sha256:0778076e764e146d3078b17c24c4d89e0ecd4ac5401beff8e1c87879043a0633",
                "sha256:141c7102f20abe6cf0d54c4ced8d565b86df4d3077ba2343b61a6db996cefec7",
                "sha256:14270a1ee8917d11e7753fb54fc7ffd1934f4d529235beec0b275e2ccf00333b",
                "sha256:27e11c7a8ec9d5838bc59f809bfa86efc8a4fd02e58960fa9c49d998e14332d5",
                "sha256:2a04dda79606f3d2f760384c38ccd3d5b9bb79d4c8126b67aff5eb09a253763e",
                "sha256:3c26010c1b51e1224a3ca6b8df807de6e95128b0908c7e34f190e7775455b0ca",
                "sha256:52c40f1a4262c896420c6ea1c6fda62cf67070e3947e3307f5562bd783a90336",
                "sha256:6e4f8d9e8aa79321657079b9ac03f3cf3fd067bf31c1cca4f56d49543f4356a5",
                "sha256:7242be12a58fec245ee9734e625964b97cf7e3f2f7d016603f9e56660ce479c7",
                "sha256:7dc253b542bfd4b4eb88d9dbae4ca079e7bf2e2afd819ee18891a43db66c60c7",
                "sha256:94f5bd885f67bbb25c82d80184abbf7ce4f6c3c3a41fbaa4182f034bba803e69",
                "sha256:a89e188daa119ffa0d03ce5123dee3f8ffd5115c896c2a9d4f0dbb3d8b95bfa3",
                "sha256:ad3399da9b0ca36e2f24de72f67ab2854a62e623274607e37e0ce5f5d5fa9166",
                "sha256:b0348be89275fd1d4c44ffa39530c41a21062f52299b1e3ee7d1c61f060044b8",
                "sha256:b5554368e4ede1856121b0dfa35ce71768102e4aa55e526cb8de7f374ff78722",
                "sha256:cbddc56b2502d3f87fda4f98d948eb5b11f36ff3902e17cb6cc44727f2200525",
                "sha256:d79f18f41751725c56eceab2a886f021d70fd70a6188fd386e29a045945ffc10",
                "sha256:dc2ca26a19ab32dc475dbad9dfe723d3a64c835f4c23f625c2b6566ca32b9f29",
                "sha256:dd9bcd4f294eb0633bb33d1a74febdd2b9018b8b8ed325f861fffcd2c7660bb8",
                "sha256:e8baab1bc7c9152715844f1faca6744f2416929de10d7639ed49555a85549f52",
                "sha256:ec31fe12668af687b99acf1567399632a7c47b0e17cfb9ae47c098644ef36797",
                "sha256:f12b4f7e2d8f9da3141564e6737d79016fe5336cc92de6814eba579744f65b0a",
                "sha256:f58ac38d5ca045a377b3b377c84df8175ab992c970a53332fa8ac2373df44ff7"
            ],
            "version": "==1.16.4"
        },
        "objgraph": {
            "hashes": [
                "sha256:4752ca5bcc0e0512e41b8cc4d2780ac2fd3b3eabd03b7e950a5594c06203dfc4",
                "sha256:deb821bc51a88ff103893aeeee2a8965eb0f719af2a363f49d63d894938b50b6"
            ],
            "version": "==3.5.0"
        },
        "paddlepaddle-tiny": {
            "hashes": [
                "sha256:08008d066e1d282fe0ae4d6a2388b5cfd85c7aaba240dfdbd8bc4672f3004349",
                "sha256:0dd8d394a41d11adfc1fa61ac85c08e39f5694ed6d19170226cb8db8429ce97a",
                "sha256:5258ba5278a626a21742e384cc9be21eb44bead04b5342f397b80bc38c1d04ea",
                "sha256:92dc5c71c45ad0761ec513a9a4a5f9bd445039d32599a1e6cf8a4a934bfa0543",
                "sha256:9582b1340e32fca96b123a73cab54dbf3d3e52bd7c27bf81e9879f20dca4f200",
                "sha256:98c3a716a8d05c6191366b06af00a77ff41f3c7356979b66b9b25e7bfdaaa470",
                "sha256:ac94028143b24711be1daf498c0fe3151b340b45c7afb8480ddb5cba020165e2",
                "sha256:b0a08d58c3cfa94965bb276d6833ce120a11560b9ce74bd15fb67127fcc66d48",
                "sha256:c4c850812231b3a580f62d6449236072055df6227ac21dbe6101e347a17af331",
                "sha256:d415a7bb2071eed9ad2ccfb079922804bbd66f0e10036ea3591403556e37e405",
                "sha256:da87effd6b31e7e0b74b29eaa67d3110981c86b609d84ee40f0c637952ecdad3",
                "sha256:eb2b362ebd4989d161584a26360e2b21931cf0a11c7d65373473234536d47b73",
                "sha256:fbe01a8baf914323c3e0f523a1f60dd21a3083e2b7d8147f1b7c50a7c4c190a0"
            ],
            "index": "pypi",
            "version": "==1.6.1"
        },
        "pickledb": {
            "hashes": [
                "sha256:ec6973e65d7d112849e78ce522840aa908efb2523470bb8ce5c7942310192240"
            ],
            "index": "pypi",
            "version": "==0.9.2"
        },
        "protobuf": {
            "hashes": [
                "sha256:0e247612fadda953047f53301a7b0407cb0c3cb4ae25a6fde661597a04039b3c",
                "sha256:0fc96785262042e4863b3f3b5c429d4636f10d90061e1840fce1baaf59b1a836",
                "sha256:1c51fda1bbc9634246e7be6016d860be01747354ed7015ebe38acf4452f470d2",
                "sha256:1d63eb389347293d8915fb47bee0951c7b5dab522a4a60118b9a18f33e21f8ce",
                "sha256:22bcd2e284b3b1d969c12e84dc9b9a71701ec82d8ce975fdda19712e1cfd4e00",
                "sha256:2a7e2fe101a7ace75e9327b9c946d247749e564a267b0515cf41dfe450b69bac",
                "sha256:43b554b9e73a07ba84ed6cf25db0ff88b1e06be610b37656e292e3cbb5437472",
                "sha256:4b74301b30513b1a7494d3055d95c714b560fbb630d8fb9956b6f27992c9f980",
                "sha256:4e75105c9dfe13719b7293f75bd53033108f4ba03d44e71db0ec2a0e8401eafd",
                "sha256:5b7a637212cc9b2bcf85dd828b1178d19efdf74dbfe1ddf8cd1b8e01fdaaa7f5",
                "sha256:5e9806a43232a1fa0c9cf5da8dc06f6910d53e4390be1fa06f06454d888a9142",
                "sha256:629b03fd3caae7f815b0c66b41273f6b1900a579e2ccb41ef4493a4f5fb84f3a",
                "sha256:72230ed56f026dd664c21d73c5db73ebba50d924d7ba6b7c0d81a121e390406e",
                "sha256:86a75477addde4918e9a1904e5c6af8d7b691f2a3f65587d73b16100fbe4c3b2",
                "sha256:8971c421dbd7aad930c9bd2694122f332350b6ccb5202a8b7b06f3f1a5c41ed5",
                "sha256:9616f0b65a30851e62f1713336c931fcd32c057202b7ff2cfbfca0fc7d5e3043",
                "sha256:b0d5d35faeb07e22a1ddf8dce620860c8fe145426c02d1a0ae2688c6e8ede36d",
                "sha256:ecc33531a213eee22ad60e0e2aaea6c8ba0021f0cce35dbf0ab03dee6e2a23a1"
            ],
            "version": "==3.14.0"
        },
        "pymysql": {
            "hashes": [
                "sha256:3943fbbbc1e902f41daf7f9165519f140c4451c179380677e6a848587042561a",
                "sha256:d8c059dcd81dedb85a9f034d5e22dcb4442c0b201908bede99e306d65ea7c8e7"
            ],
            "index": "pypi",
            "version": "==0.9.3"
        },
        "redis": {
            "hashes": [
                "sha256:2100750629beff143b6a200a2ea8e719fcf26420adabb81402895e144c5083cf",
                "sha256:8e0bdd2de02e829b6225b25646f9fb9daffea99a252610d040409a6738541f0a"
            ],
            "version": "==3.0.1"
        },
        "redis-py-cluster": {
            "hashes": [
                "sha256:1a44154bed2ff082a40d31d33e14e016cf1665934c19b9d57770a66cb5d0d9a3",
                "sha256:df8ce0a03e7262f84553ee079920fb882dab3213f201755cd38bb04ccaac7f4b"
            ],
            "index": "pypi",
            "version": "==2.0.0"
        },
        "requests": {
            "hashes": [
                "sha256:6a1b267aa90cac58ac3a765d067950e7dbbf75b1da07e895d1f594193a40a38b",
                "sha256:9c443e7324ba5b85070c4a818ade28bfabedf16ea10206da1132edaa6dda237e"
            ],
            "index": "pypi",
            "version": "==2.18.4"
        },
        "retrying": {
            "hashes": [
                "sha256:08c039560a6da2fe4f2c426d0766e284d3b736e355f8dd24b37367b0bb41973b"
            ],
            "index": "pypi",
            "version": "==1.3.3"
        },
        "schedule": {
            "hashes": [
                "sha256:3f895a1036799a25ab9c335de917073e63cf8256920917e932777382f101f08f",
                "sha256:f9fb5181283de4db6e701d476dd01b6a3dd81c38462a54991ddbb9d26db857c9"
            ],
            "index": "pypi",
            "version": "==0.6.0"
        },
        "six": {
            "hashes": [
                "sha256:30639c035cdb23534cd4aa2dd52c3bf48f06e5f4a941509c8bafd8ce11080259",
                "sha256:8b74bedcbbbaca38ff6d7491d76f2b06b3592611af620f8426e82dddb04a5ced"
            ],
            "version": "==1.15.0"
        },
        "sqlalchemy": {
            "hashes": [
                "sha256:2f8ff566a4d3a92246d367f2e9cd6ed3edeef670dcd6dda6dfdc9efed88bcd80"
            ],
            "index": "pypi",
            "version": "==1.3.8"
        },
        "urllib3": {
            "hashes": [
                "sha256:06330f386d6e4b195fbfc736b297f58c5a892e4440e54d294d7004e3a9bbea1b",
                "sha256:cc44da8e1145637334317feebd728bd869a35285b93cbb4cca2577da7e62db4f"
            ],
            "version": "==1.22"
        }
    },
    "develop": {}
}
